// !$*UTF8*$!
{
	archiveVersion = 1;
	classes = {
	};
	objectVersion = 50;
	objects = {

/* Begin PBXBuildFile section */
		40461A89250B5C0E00EB3419 /* AppDelegate.swift in Sources */ = {isa = PBXBuildFile; fileRef = 40461A88250B5C0E00EB3419 /* AppDelegate.swift */; };
		40461A8B250B5C0E00EB3419 /* SceneDelegate.swift in Sources */ = {isa = PBXBuildFile; fileRef = 40461A8A250B5C0E00EB3419 /* SceneDelegate.swift */; };
		40461A8D250B5C0E00EB3419 /* ViewController.swift in Sources */ = {isa = PBXBuildFile; fileRef = 40461A8C250B5C0E00EB3419 /* ViewController.swift */; };
		40461A90250B5C0E00EB3419 /* Main.storyboard in Resources */ = {isa = PBXBuildFile; fileRef = 40461A8E250B5C0E00EB3419 /* Main.storyboard */; };
		40461A92250B5C0E00EB3419 /* Assets.xcassets in Resources */ = {isa = PBXBuildFile; fileRef = 40461A91250B5C0E00EB3419 /* Assets.xcassets */; };
		40461A95250B5C0E00EB3419 /* LaunchScreen.storyboard in Resources */ = {isa = PBXBuildFile; fileRef = 40461A93250B5C0E00EB3419 /* LaunchScreen.storyboard */; };
		407671EF250E2F2000952331 /* NewsManager.swift in Sources */ = {isa = PBXBuildFile; fileRef = 407671EE250E2F2000952331 /* NewsManager.swift */; };
		407671F1250E35B300952331 /* NewsData.swift in Sources */ = {isa = PBXBuildFile; fileRef = 407671F0250E35B300952331 /* NewsData.swift */; };
		407671F6250E4FD300952331 /* NewsModel.swift in Sources */ = {isa = PBXBuildFile; fileRef = 407671F5250E4FD300952331 /* NewsModel.swift */; };
		409CCC54250E241A0080CE42 /* newsViewController.swift in Sources */ = {isa = PBXBuildFile; fileRef = 409CCC53250E241A0080CE42 /* newsViewController.swift */; };
/* End PBXBuildFile section */

/* Begin PBXFileReference section */
		40461A85250B5C0E00EB3419 /* newsapp.app */ = {isa = PBXFileReference; explicitFileType = wrapper.application; includeInIndex = 0; path = newsapp.app; sourceTree = BUILT_PRODUCTS_DIR; };
		40461A88250B5C0E00EB3419 /* AppDelegate.swift */ = {isa = PBXFileReference; lastKnownFileType = sourcecode.swift; path = AppDelegate.swift; sourceTree = "<group>"; };
		40461A8A250B5C0E00EB3419 /* SceneDelegate.swift */ = {isa = PBXFileReference; lastKnownFileType = sourcecode.swift; path = SceneDelegate.swift; sourceTree = "<group>"; };
		40461A8C250B5C0E00EB3419 /* ViewController.swift */ = {isa = PBXFileReference; lastKnownFileType = sourcecode.swift; path = ViewController.swift; sourceTree = "<group>"; };
		40461A8F250B5C0E00EB3419 /* Base */ = {isa = PBXFileReference; lastKnownFileType = file.storyboard; name = Base; path = Base.lproj/Main.storyboard; sourceTree = "<group>"; };
		40461A91250B5C0E00EB3419 /* Assets.xcassets */ = {isa = PBXFileReference; lastKnownFileType = folder.assetcatalog; path = Assets.xcassets; sourceTree = "<group>"; };
		40461A94250B5C0E00EB3419 /* Base */ = {isa = PBXFileReference; lastKnownFileType = file.storyboard; name = Base; path = Base.lproj/LaunchScreen.storyboard; sourceTree = "<group>"; };
		40461A96250B5C0E00EB3419 /* Info.plist */ = {isa = PBXFileReference; lastKnownFileType = text.plist.xml; path = Info.plist; sourceTree = "<group>"; };
		407671EE250E2F2000952331 /* NewsManager.swift */ = {isa = PBXFileReference; lastKnownFileType = sourcecode.swift; path = NewsManager.swift; sourceTree = "<group>"; };
		407671F0250E35B300952331 /* NewsData.swift */ = {isa = PBXFileReference; lastKnownFileType = sourcecode.swift; path = NewsData.swift; sourceTree = "<group>"; };
		407671F5250E4FD300952331 /* NewsModel.swift */ = {isa = PBXFileReference; lastKnownFileType = sourcecode.swift; path = NewsModel.swift; sourceTree = "<group>"; };
		409CCC53250E241A0080CE42 /* newsViewController.swift */ = {isa = PBXFileReference; lastKnownFileType = sourcecode.swift; path = newsViewController.swift; sourceTree = "<group>"; };
/* End PBXFileReference section */

/* Begin PBXFrameworksBuildPhase section */
		40461A82250B5C0E00EB3419 /* Frameworks */ = {
			isa = PBXFrameworksBuildPhase;
			buildActionMask = 2147483647;
			files = (
			);
			runOnlyForDeploymentPostprocessing = 0;
		};
/* End PBXFrameworksBuildPhase section */

/* Begin PBXGroup section */
		40461A7C250B5C0E00EB3419 = {
			isa = PBXGroup;
			children = (
				40461A87250B5C0E00EB3419 /* newsapp */,
				40461A86250B5C0E00EB3419 /* Products */,
			);
			sourceTree = "<group>";
		};
		40461A86250B5C0E00EB3419 /* Products */ = {
			isa = PBXGroup;
			children = (
				40461A85250B5C0E00EB3419 /* newsapp.app */,
			);
			name = Products;
			sourceTree = "<group>";
		};
		40461A87250B5C0E00EB3419 /* newsapp */ = {
			isa = PBXGroup;
			children = (
				40461A88250B5C0E00EB3419 /* AppDelegate.swift */,
				40461A8A250B5C0E00EB3419 /* SceneDelegate.swift */,
				407671F2250E364C00952331 /* Model */,
				407671F4250E366900952331 /* View */,
				407671F3250E365A00952331 /* Controller */,
				40461A91250B5C0E00EB3419 /* Assets.xcassets */,
				40461A93250B5C0E00EB3419 /* LaunchScreen.storyboard */,
				40461A96250B5C0E00EB3419 /* Info.plist */,
			);
			path = newsapp;
			sourceTree = "<group>";
		};
		407671F2250E364C00952331 /* Model */ = {
			isa = PBXGroup;
			children = (
				407671EE250E2F2000952331 /* NewsManager.swift */,
				407671F0250E35B300952331 /* NewsData.swift */,
				407671F5250E4FD300952331 /* NewsModel.swift */,
			);
			path = Model;
			sourceTree = "<group>";
		};
		407671F3250E365A00952331 /* Controller */ = {
			isa = PBXGroup;
			children = (
				40461A8C250B5C0E00EB3419 /* ViewController.swift */,
				409CCC53250E241A0080CE42 /* newsViewController.swift */,
			);
			path = Controller;
			sourceTree = "<group>";
		};
		407671F4250E366900952331 /* View */ = {
			isa = PBXGroup;
			children = (
				40461A8E250B5C0E00EB3419 /* Main.storyboard */,
			);
			path = View;
			sourceTree = "<group>";
		};
/* End PBXGroup section */

/* Begin PBXNativeTarget section */
		40461A84250B5C0E00EB3419 /* newsapp */ = {
			isa = PBXNativeTarget;
			buildConfigurationList = 40461A99250B5C0E00EB3419 /* Build configuration list for PBXNativeTarget "newsapp" */;
			buildPhases = (
				40461A81250B5C0E00EB3419 /* Sources */,
				40461A82250B5C0E00EB3419 /* Frameworks */,
				40461A83250B5C0E00EB3419 /* Resources */,
			);
			buildRules = (
			);
			dependencies = (
			);
			name = newsapp;
			productName = newsapp;
			productReference = 40461A85250B5C0E00EB3419 /* newsapp.app */;
			productType = "com.apple.product-type.application";
		};
/* End PBXNativeTarget section */

/* Begin PBXProject section */
		40461A7D250B5C0E00EB3419 /* Project object */ = {
			isa = PBXProject;
			attributes = {
				LastSwiftUpdateCheck = 1170;
				LastUpgradeCheck = 1170;
				ORGANIZATIONNAME = Shivam;
				TargetAttributes = {
					40461A84250B5C0E00EB3419 = {
						CreatedOnToolsVersion = 11.7;
					};
				};
			};
			buildConfigurationList = 40461A80250B5C0E00EB3419 /* Build configuration list for PBXProject "newsapp" */;
			compatibilityVersion = "Xcode 9.3";
			developmentRegion = en;
			hasScannedForEncodings = 0;
			knownRegions = (
				en,
				Base,
			);
			mainGroup = 40461A7C250B5C0E00EB3419;
			productRefGroup = 40461A86250B5C0E00EB3419 /* Products */;
			projectDirPath = "";
			projectRoot = "";
			targets = (
				40461A84250B5C0E00EB3419 /* newsapp */,
			);
		};
/* End PBXProject section */

/* Begin PBXResourcesBuildPhase section */
		40461A83250B5C0E00EB3419 /* Resources */ = {
			isa = PBXResourcesBuildPhase;
			buildActionMask = 2147483647;
			files = (
				40461A95250B5C0E00EB3419 /* LaunchScreen.storyboard in Resources */,
				40461A92250B5C0E00EB3419 /* Assets.xcassets in Resources */,
				40461A90250B5C0E00EB3419 /* Main.storyboard in Resources */,
			);
			runOnlyForDeploymentPostprocessing = 0;
		};
/* End PBXResourcesBuildPhase section */

/* Begin PBXSourcesBuildPhase section */
		40461A81250B5C0E00EB3419 /* Sources */ = {
			isa = PBXSourcesBuildPhase;
			buildActionMask = 2147483647;
			files = (
				407671F6250E4FD300952331 /* NewsModel.swift in Sources */,
				40461A8D250B5C0E00EB3419 /* ViewController.swift in Sources */,
				40461A89250B5C0E00EB3419 /* AppDelegate.swift in Sources */,
				407671F1250E35B300952331 /* NewsData.swift in Sources */,
				407671EF250E2F2000952331 /* NewsManager.swift in Sources */,
				40461A8B250B5C0E00EB3419 /* SceneDelegate.swift in Sources */,
				409CCC54250E241A0080CE42 /* newsViewController.swift in Sources */,
			);
			runOnlyForDeploymentPostprocessing = 0;
		};
/* End PBXSourcesBuildPhase section */

/* Begin PBXVariantGroup section */
		40461A8E250B5C0E00EB3419 /* Main.storyboard */ = {
			isa = PBXVariantGroup;
			children = (
				40461A8F250B5C0E00EB3419 /* Base */,
			);
			name = Main.storyboard;
			sourceTree = "<group>";
		};
		40461A93250B5C0E00EB3419 /* LaunchScreen.storyboard */ = {
			isa = PBXVariantGroup;
			children = (
				40461A94250B5C0E00EB3419 /* Base */,
			);
			name = LaunchScreen.storyboard;
			sourceTree = "<group>";
		};
/* End PBXVariantGroup section */

/* Begin XCBuildConfiguration section */
		40461A97250B5C0E00EB3419 /* Debug */ = {
			isa = XCBuildConfiguration;
			buildSettings = {
				ALWAYS_SEARCH_USER_PATHS = NO;
				CLANG_ANALYZER_NONNULL = YES;
				CLANG_ANALYZER_NUMBER_OBJECT_CONVERSION = YES_AGGRESSIVE;
				CLANG_CXX_LANGUAGE_STANDARD = "gnu++14";
				CLANG_CXX_LIBRARY = "libc++";
				CLANG_ENABLE_MODULES = YES;
				CLANG_ENABLE_OBJC_ARC = YES;
				CLANG_ENABLE_OBJC_WEAK = YES;
				CLANG_WARN_BLOCK_CAPTURE_AUTORELEASING = YES;
				CLANG_WARN_BOOL_CONVERSION = YES;
				CLANG_WARN_COMMA = YES;
				CLANG_WARN_CONSTANT_CONVERSION = YES;
				CLANG_WARN_DEPRECATED_OBJC_IMPLEMENTATIONS = YES;
				CLANG_WARN_DIRECT_OBJC_ISA_USAGE = YES_ERROR;
				CLANG_WARN_DOCUMENTATION_COMMENTS = YES;
				CLANG_WARN_EMPTY_BODY = YES;
				CLANG_WARN_ENUM_CONVERSION = YES;
				CLANG_WARN_INFINITE_RECURSION = YES;
				CLANG_WARN_INT_CONVERSION = YES;
				CLANG_WARN_NON_LITERAL_NULL_CONVERSION = YES;
				CLANG_WARN_OBJC_IMPLICIT_RETAIN_SELF = YES;
				CLANG_WARN_OBJC_LITERAL_CONVERSION = YES;
				CLANG_WARN_OBJC_ROOT_CLASS = YES_ERROR;
				CLANG_WARN_RANGE_LOOP_ANALYSIS = YES;
				CLANG_WARN_STRICT_PROTOTYPES = YES;
				CLANG_WARN_SUSPICIOUS_MOVE = YES;
				CLANG_WARN_UNGUARDED_AVAILABILITY = YES_AGGRESSIVE;
				CLANG_WARN_UNREACHABLE_CODE = YES;
				CLANG_WARN__DUPLICATE_METHOD_MATCH = YES;
				COPY_PHASE_STRIP = NO;
				DEBUG_INFORMATION_FORMAT = dwarf;
				ENABLE_STRICT_OBJC_MSGSEND = YES;
				ENABLE_TESTABILITY = YES;
				GCC_C_LANGUAGE_STANDARD = gnu11;
				GCC_DYNAMIC_NO_PIC = NO;
				GCC_NO_COMMON_BLOCKS = YES;
				GCC_OPTIMIZATION_LEVEL = 0;
				GCC_PREPROCESSOR_DEFINITIONS = (
					"DEBUG=1",
					"$(inherited)",
				);
				GCC_WARN_64_TO_32_BIT_CONVERSION = YES;
				GCC_WARN_ABOUT_RETURN_TYPE = YES_ERROR;
				GCC_WARN_UNDECLARED_SELECTOR = YES;
				GCC_WARN_UNINITIALIZED_AUTOS = YES_AGGRESSIVE;
				GCC_WARN_UNUSED_FUNCTION = YES;
				GCC_WARN_UNUSED_VARIABLE = YES;
				IPHONEOS_DEPLOYMENT_TARGET = 13.7;
				MTL_ENABLE_DEBUG_INFO = INCLUDE_SOURCE;
				MTL_FAST_MATH = YES;
				ONLY_ACTIVE_ARCH = YES;
				SDKROOT = iphoneos;
				SWIFT_ACTIVE_COMPILATION_CONDITIONS = DEBUG;
				SWIFT_OPTIMIZATION_LEVEL = "-Onone";
			};
			name = Debug;
		};
		40461A98250B5C0E00EB3419 /* Release */ = {
			isa = XCBuildConfiguration;
			buildSettings = {
				ALWAYS_SEARCH_USER_PATHS = NO;
				CLANG_ANALYZER_NONNULL = YES;
				CLANG_ANALYZER_NUMBER_OBJECT_CONVERSION = YES_AGGRESSIVE;
				CLANG_CXX_LANGUAGE_STANDARD = "gnu++14";
				CLANG_CXX_LIBRARY = "libc++";
				CLANG_ENABLE_MODULES = YES;
				CLANG_ENABLE_OBJC_ARC = YES;
				CLANG_ENABLE_OBJC_WEAK = YES;
				CLANG_WARN_BLOCK_CAPTURE_AUTORELEASING = YES;
				CLANG_WARN_BOOL_CONVERSION = YES;
				CLANG_WARN_COMMA = YES;
				CLANG_WARN_CONSTANT_CONVERSION = YES;
				CLANG_WARN_DEPRECATED_OBJC_IMPLEMENTATIONS = YES;
				CLANG_WARN_DIRECT_OBJC_ISA_USAGE = YES_ERROR;
				CLANG_WARN_DOCUMENTATION_COMMENTS = YES;
				CLANG_WARN_EMPTY_BODY = YES;
				CLANG_WARN_ENUM_CONVERSION = YES;
				CLANG_WARN_INFINITE_RECURSION = YES;
				CLANG_WARN_INT_CONVERSION = YES;
				CLANG_WARN_NON_LITERAL_NULL_CONVERSION = YES;
				CLANG_WARN_OBJC_IMPLICIT_RETAIN_SELF = YES;
				CLANG_WARN_OBJC_LITERAL_CONVERSION = YES;
				CLANG_WARN_OBJC_ROOT_CLASS = YES_ERROR;
				CLANG_WARN_RANGE_LOOP_ANALYSIS = YES;
				CLANG_WARN_STRICT_PROTOTYPES = YES;
				CLANG_WARN_SUSPICIOUS_MOVE = YES;
				CLANG_WARN_UNGUARDED_AVAILABILITY = YES_AGGRESSIVE;
				CLANG_WARN_UNREACHABLE_CODE = YES;
				CLANG_WARN__DUPLICATE_METHOD_MATCH = YES;
				COPY_PHASE_STRIP = NO;
				DEBUG_INFORMATION_FORMAT = "dwarf-with-dsym";
				ENABLE_NS_ASSERTIONS = NO;
				ENABLE_STRICT_OBJC_MSGSEND = YES;
				GCC_C_LANGUAGE_STANDARD = gnu11;
				GCC_NO_COMMON_BLOCKS = YES;
				GCC_WARN_64_TO_32_BIT_CONVERSION = YES;
				GCC_WARN_ABOUT_RETURN_TYPE = YES_ERROR;
				GCC_WARN_UNDECLARED_SELECTOR = YES;
				GCC_WARN_UNINITIALIZED_AUTOS = YES_AGGRESSIVE;
				GCC_WARN_UNUSED_FUNCTION = YES;
				GCC_WARN_UNUSED_VARIABLE = YES;
				IPHONEOS_DEPLOYMENT_TARGET = 13.7;
				MTL_ENABLE_DEBUG_INFO = NO;
				MTL_FAST_MATH = YES;
				SDKROOT = iphoneos;
				SWIFT_COMPILATION_MODE = wholemodule;
				SWIFT_OPTIMIZATION_LEVEL = "-O";
				VALIDATE_PRODUCT = YES;
			};
			name = Release;
		};
		40461A9A250B5C0E00EB3419 /* Debug */ = {
			isa = XCBuildConfiguration;
			buildSettings = {
				ASSETCATALOG_COMPILER_APPICON_NAME = AppIcon;
				CODE_SIGN_STYLE = Automatic;
				INFOPLIST_FILE = newsapp/Info.plist;
				LD_RUNPATH_SEARCH_PATHS = (
					"$(inherited)",
					"@executable_path/Frameworks",
				);
				PRODUCT_BUNDLE_IDENTIFIER = shivamzaggle.newsapp;
				PRODUCT_NAME = "$(TARGET_NAME)";
				SWIFT_VERSION = 5.0;
				TARGETED_DEVICE_FAMILY = "1,2";
			};
			name = Debug;
		};
		40461A9B250B5C0E00EB3419 /* Release */ = {
			isa = XCBuildConfiguration;
			buildSettings = {
				ASSETCATALOG_COMPILER_APPICON_NAME = AppIcon;
				CODE_SIGN_STYLE = Automatic;
				INFOPLIST_FILE = newsapp/Info.plist;
				LD_RUNPATH_SEARCH_PATHS = (
					"$(inherited)",
					"@executable_path/Frameworks",
				);
				PRODUCT_BUNDLE_IDENTIFIER = shivamzaggle.newsapp;
				PRODUCT_NAME = "$(TARGET_NAME)";
				SWIFT_VERSION = 5.0;
				TARGETED_DEVICE_FAMILY = "1,2";
			};
			name = Release;
		};
/* End XCBuildConfiguration section */

/* Begin XCConfigurationList section */
		40461A80250B5C0E00EB3419 /* Build configuration list for PBXProject "newsapp" */ = {
			isa = XCConfigurationList;
			buildConfigurations = (
				40461A97250B5C0E00EB3419 /* Debug */,
				40461A98250B5C0E00EB3419 /* Release */,
			);
			defaultConfigurationIsVisible = 0;
			defaultConfigurationName = Release;
		};
		40461A99250B5C0E00EB3419 /* Build configuration list for PBXNativeTarget "newsapp" */ = {
			isa = XCConfigurationList;
			buildConfigurations = (
				40461A9A250B5C0E00EB3419 /* Debug */,
				40461A9B250B5C0E00EB3419 /* Release */,
			);
			defaultConfigurationIsVisible = 0;
			defaultConfigurationName = Release;
		};
/* End XCConfigurationList section */
	};
	rootObject = 40461A7D250B5C0E00EB3419 /* Project object */;
}
